# THIS IS AN AUTOGENERATED FILE. DO NOT EDIT THIS FILE DIRECTLY.
# yarn lockfile v1


"@mapbox/jsonlint-lines-primitives@~2.0.2":
  version "2.0.2"
  resolved "https://registry.yarnpkg.com/@mapbox/jsonlint-lines-primitives/-/jsonlint-lines-primitives-2.0.2.tgz#ce56e539f83552b58d10d672ea4d6fc9adc7b234"
  integrity sha512-rY0o9A5ECsTQRVhv7tL/OyDpGAoUB4tTvLiW1DSzQGq4bvTPhNw1VpSNjDJc5GFZ2XuyOtSWSVN05qOtcD71qQ==

"@mapbox/unitbezier@^0.0.1":
  version "0.0.1"
  resolved "https://registry.yarnpkg.com/@mapbox/unitbezier/-/unitbezier-0.0.1.tgz#d32deb66c7177e9e9dfc3bbd697083e2e657ff01"
  integrity sha512-nMkuDXFv60aBr9soUG5q+GvZYL+2KZHVvsqFCzqnkGEf46U2fvmytHaEVc1/YZbiLn8X+eR3QzX1+dwDO1lxlw==

"@maplibre/maplibre-gl-style-spec@^19.2.1":
  version "19.3.0"
  resolved "https://registry.yarnpkg.com/@maplibre/maplibre-gl-style-spec/-/maplibre-gl-style-spec-19.3.0.tgz#00a1dde3d389313b0b9805b57fc0b3d023cfcf19"
  integrity sha512-ZbhX9CTV+Z7vHwkRIasDOwTSzr76e8Q6a55RMsAibjyX6+P0ZNL1qAKNzOjjBDP3+aEfNMl7hHo5knuY6pTAUQ==
  dependencies:
    "@mapbox/jsonlint-lines-primitives" "~2.0.2"
    "@mapbox/unitbezier" "^0.0.1"
    json-stringify-pretty-compact "^3.0.0"
    minimist "^1.2.8"
    rw "^1.3.3"
    sort-object "^3.0.3"

"@remix-run/router@1.7.2":
  version "1.7.2"
  resolved "https://registry.yarnpkg.com/@remix-run/router/-/router-1.7.2.tgz#cba1cf0a04bc04cb66027c51fa600e9cbc388bc8"
  integrity sha512-7Lcn7IqGMV+vizMPoEl5F0XDshcdDYtMI6uJLQdQz5CfZAwy3vvGKYSUk789qndt5dEC4HfSjviSYlSoHGL2+A==

"@types/geojson@*":
  version "7946.0.10"
  resolved "https://registry.yarnpkg.com/@types/geojson/-/geojson-7946.0.10.tgz#6dfbf5ea17142f7f9a043809f1cd4c448cb68249"
  integrity sha512-Nmh0K3iWQJzniTuPRcJn5hxXkfB1T1pgB89SBig5PlJQU5yocazeu4jATJlaA0GYFKWMqDdvYemoSnF2pXgLVA==

"@types/mapbox-gl@>=1.0.0":
  version "2.7.12"
  resolved "https://registry.yarnpkg.com/@types/mapbox-gl/-/mapbox-gl-2.7.12.tgz#df35dcf717bda00dc7177ba91fadbc8b9a53c5dc"
  integrity sha512-aEMMOWlSTn2lp0liLqHsI/vAkV8858mkhn4fFYZELdLO1o6PEKCkkUfQ/GBp603Xfc3xmasLZsoELJBbje+atw==
  dependencies:
    "@types/geojson" "*"

arr-union@^3.1.0:
  version "3.1.0"
  resolved "https://registry.yarnpkg.com/arr-union/-/arr-union-3.1.0.tgz#e39b09aea9def866a8f206e288af63919bae39c4"
  integrity sha512-sKpyeERZ02v1FeCZT8lrfJq5u6goHCtpTAzPwJYe7c8SPFOboNjNg1vz2L4VTn9T4PQxEx13TbXLmYUcS6Ug7Q==

assign-symbols@^1.0.0:
  version "1.0.0"
  resolved "https://registry.yarnpkg.com/assign-symbols/-/assign-symbols-1.0.0.tgz#59667f41fadd4f20ccbc2bb96b8d4f7f78ec0367"
  integrity sha512-Q+JC7Whu8HhmTdBph/Tq59IoRtoy6KAm5zzPv00WdujX82lbAL8K7WVjne7vdCsAmbF4AYaDOPyO3k0kl8qIrw==

asynckit@^0.4.0:
  version "0.4.0"
  resolved "https://registry.yarnpkg.com/asynckit/-/asynckit-0.4.0.tgz#c79ed97f7f34cb8f2ba1bc9790bcc366474b4b79"
  integrity sha512-Oei9OH4tRh0YqU3GxhX79dM/mwVgvbZJaSNaRk+bshkj0S5cfHcgYakreBjrHwatXKbz+IoIdYLxrKim2MjW0Q==

axios@^1.4.0:
  version "1.4.0"
  resolved "https://registry.yarnpkg.com/axios/-/axios-1.4.0.tgz#38a7bf1224cd308de271146038b551d725f0be1f"
  integrity sha512-S4XCWMEmzvo64T9GfvQDOXgYRDJ/wsSZc7Jvdgx5u1sd0JwsuPLqb3SYmusag+edF6ziyMensPVqLTSc1PiSEA==
  dependencies:
    follow-redirects "^1.15.0"
    form-data "^4.0.0"
    proxy-from-env "^1.1.0"

babel-polyfill@^6.26.0:
  version "6.26.0"
  resolved "https://registry.yarnpkg.com/babel-polyfill/-/babel-polyfill-6.26.0.tgz#379937abc67d7895970adc621f284cd966cf2153"
  integrity sha512-F2rZGQnAdaHWQ8YAoeRbukc7HS9QgdgeyJ0rQDd485v9opwuPvjpPFcOOT/WmkKTdgy9ESgSPXDcTNpzrGr6iQ==
  dependencies:
    babel-runtime "^6.26.0"
    core-js "^2.5.0"
    regenerator-runtime "^0.10.5"

babel-runtime@^6.26.0:
  version "6.26.0"
  resolved "https://registry.yarnpkg.com/babel-runtime/-/babel-runtime-6.26.0.tgz#965c7058668e82b55d7bfe04ff2337bc8b5647fe"
  integrity sha512-ITKNuq2wKlW1fJg9sSW52eepoYgZBggvOAHC0u/CYu/qxQ9EVzThCgR69BnSXLHjy2f7SY5zaQ4yt7H9ZVxY2g==
  dependencies:
    core-js "^2.4.0"
    regenerator-runtime "^0.11.0"

bytewise-core@^1.2.2:
  version "1.2.3"
  resolved "https://registry.yarnpkg.com/bytewise-core/-/bytewise-core-1.2.3.tgz#3fb410c7e91558eb1ab22a82834577aa6bd61d42"
  integrity sha512-nZD//kc78OOxeYtRlVk8/zXqTB4gf/nlguL1ggWA8FuchMyOxcyHR4QPQZMUmA7czC+YnaBrPUCubqAWe50DaA==
  dependencies:
    typewise-core "^1.2"

bytewise@^1.1.0:
  version "1.1.0"
  resolved "https://registry.yarnpkg.com/bytewise/-/bytewise-1.1.0.tgz#1d13cbff717ae7158094aa881b35d081b387253e"
  integrity sha512-rHuuseJ9iQ0na6UDhnrRVDh8YnWVlU6xM3VH6q/+yHDeUH2zIhUzP+2/h3LIrhLDBtTqzWpE3p3tP/boefskKQ==
  dependencies:
    bytewise-core "^1.2.2"
    typewise "^1.0.3"

combined-stream@^1.0.8:
  version "1.0.8"
  resolved "https://registry.yarnpkg.com/combined-stream/-/combined-stream-1.0.8.tgz#c3d45a8b34fd730631a110a8a2520682b31d5a7f"
  integrity sha512-FQN4MRfuJeHf7cBbBMJFXhKSDq+2kAArBlmRBvcvFE5BB1HZKXtSFASDhdlz9zOYwxh8lDdnvmMOe/+5cdoEdg==
  dependencies:
    delayed-stream "~1.0.0"

core-js@^2.4.0, core-js@^2.5.0:
  version "2.6.12"
  resolved "https://registry.yarnpkg.com/core-js/-/core-js-2.6.12.tgz#d9333dfa7b065e347cc5682219d6f690859cc2ec"
  integrity sha512-Kb2wC0fvsWfQrgk8HU5lW6U/Lcs8+9aaYcy4ZFc6DDlo4nZ7n70dEgE5rtR0oG6ufKDUnrwfWL1mXR5ljDatrQ==

delayed-stream@~1.0.0:
  version "1.0.0"
  resolved "https://registry.yarnpkg.com/delayed-stream/-/delayed-stream-1.0.0.tgz#df3ae199acadfb7d440aaae0b29e2272b24ec619"
  integrity sha512-ZySD7Nf91aLB0RxL4KGrKHBXl7Eds1DAmEdcoVawXnLD7SDhpNgtuII2aAkg7a7QS41jxPSZ17p4VdGnMHk3MQ==

extend-shallow@^2.0.1:
  version "2.0.1"
  resolved "https://registry.yarnpkg.com/extend-shallow/-/extend-shallow-2.0.1.tgz#51af7d614ad9a9f610ea1bafbb989d6b1c56890f"
  integrity sha512-zCnTtlxNoAiDc3gqY2aYAWFx7XWWiasuF2K8Me5WbN8otHKTUKBwjPtNpRs/rbUZm7KxWAaNj7P1a/p52GbVug==
  dependencies:
    is-extendable "^0.1.0"

extend-shallow@^3.0.0:
  version "3.0.2"
  resolved "https://registry.yarnpkg.com/extend-shallow/-/extend-shallow-3.0.2.tgz#26a71aaf073b39fb2127172746131c2704028db8"
  integrity sha512-BwY5b5Ql4+qZoefgMj2NUmx+tehVTH/Kf4k1ZEtOHNFcm2wSxMRo992l6X3TIgni2eZVTZ85xMOjF31fwZAj6Q==
  dependencies:
    assign-symbols "^1.0.0"
    is-extendable "^1.0.1"

follow-redirects@^1.15.0:
  version "1.15.2"
  resolved "https://registry.yarnpkg.com/follow-redirects/-/follow-redirects-1.15.2.tgz#b460864144ba63f2681096f274c4e57026da2c13"
  integrity sha512-VQLG33o04KaQ8uYi2tVNbdrWp1QWxNNea+nmIB4EVM28v0hmP17z7aG1+wAkNzVq4KeXTq3221ye5qTJP91JwA==

form-data@^4.0.0:
  version "4.0.0"
  resolved "https://registry.yarnpkg.com/form-data/-/form-data-4.0.0.tgz#93919daeaf361ee529584b9b31664dc12c9fa452"
  integrity sha512-ETEklSGi5t0QMZuiXoA/Q6vcnxcLQP5vdugSpuAyi6SVGi2clPPp+xgEhuMaHC+zGgn31Kd235W35f7Hykkaww==
  dependencies:
    asynckit "^0.4.0"
    combined-stream "^1.0.8"
    mime-types "^2.1.12"

get-value@^2.0.2, get-value@^2.0.6:
  version "2.0.6"
  resolved "https://registry.yarnpkg.com/get-value/-/get-value-2.0.6.tgz#dc15ca1c672387ca76bd37ac0a395ba2042a2c28"
  integrity sha512-Ln0UQDlxH1BapMu3GPtf7CuYNwRZf2gwCuPqbyG6pB8WfmFpzqcy4xtAaAMUhnNqjMKTiCPZG2oMT3YSx8U2NA==

is-extendable@^0.1.0, is-extendable@^0.1.1:
  version "0.1.1"
  resolved "https://registry.yarnpkg.com/is-extendable/-/is-extendable-0.1.1.tgz#62b110e289a471418e3ec36a617d472e301dfc89"
  integrity sha512-5BMULNob1vgFX6EjQw5izWDxrecWK9AM72rugNr0TFldMOi0fj6Jk+zeKIt0xGj4cEfQIJth4w3OKWOJ4f+AFw==

is-extendable@^1.0.1:
  version "1.0.1"
  resolved "https://registry.yarnpkg.com/is-extendable/-/is-extendable-1.0.1.tgz#a7470f9e426733d81bd81e1155264e3a3507cab4"
  integrity sha512-arnXMxT1hhoKo9k1LZdmlNyJdDDfy2v0fXjFlmok4+i8ul/6WlbVge9bhM74OpNPQPMGUToDtz+KXa1PneJxOA==
  dependencies:
    is-plain-object "^2.0.4"

is-plain-object@^2.0.3, is-plain-object@^2.0.4:
  version "2.0.4"
  resolved "https://registry.yarnpkg.com/is-plain-object/-/is-plain-object-2.0.4.tgz#2c163b3fafb1b606d9d17928f05c2a1c38e07677"
  integrity sha512-h5PpgXkWitc38BBMYawTYMWJHFZJVnBquFE57xFpjB8pJFiF6gZ+bU+WyI/yqXiFR5mdLsgYNaPe8uao6Uv9Og==
  dependencies:
    isobject "^3.0.1"

isobject@^3.0.1:
  version "3.0.1"
  resolved "https://registry.yarnpkg.com/isobject/-/isobject-3.0.1.tgz#4e431e92b11a9731636aa1f9c8d1ccbcfdab78df"
  integrity sha512-WhB9zCku7EGTj/HQQRz5aUQEUeoQZH2bWcltRErOpymJ4boYE6wL9Tbr23krRPSZ+C5zqNSrSw+Cc7sZZ4b7vg==

json-stringify-pretty-compact@^3.0.0:
  version "3.0.0"
  resolved "https://registry.yarnpkg.com/json-stringify-pretty-compact/-/json-stringify-pretty-compact-3.0.0.tgz#f71ef9d82ef16483a407869556588e91b681d9ab"
  integrity sha512-Rc2suX5meI0S3bfdZuA7JMFBGkJ875ApfVyq2WHELjBiiG22My/l7/8zPpH/CfFVQHuVLd8NLR0nv6vi0BYYKA==

mime-db@1.52.0:
  version "1.52.0"
  resolved "https://registry.yarnpkg.com/mime-db/-/mime-db-1.52.0.tgz#bbabcdc02859f4987301c856e3387ce5ec43bf70"
  integrity sha512-sPU4uV7dYlvtWJxwwxHD0PuihVNiE7TyAbQ5SWxDCB9mUYvOgroQOwYQQOKPJ8CIbE+1ETVlOoK1UC2nU3gYvg==

mime-types@^2.1.12:
  version "2.1.35"
  resolved "https://registry.yarnpkg.com/mime-types/-/mime-types-2.1.35.tgz#381a871b62a734450660ae3deee44813f70d959a"
  integrity sha512-ZDY+bPm5zTTF+YpCrAU9nK0UgICYPT0QtT1NZWFv4s++TNkcgVaT0g6+4R2uI4MjQjzysHB1zxuWL50hzaeXiw==
  dependencies:
    mime-db "1.52.0"

minimist@^1.2.8:
  version "1.2.8"
  resolved "https://registry.yarnpkg.com/minimist/-/minimist-1.2.8.tgz#c1a464e7693302e082a075cee0c057741ac4772c"
  integrity sha512-2yyAR8qBkN3YuheJanUpWC5U3bb5osDywNB8RzDVlDwDHbocAJveqqj1u8+SVD7jkWT4yvsHCpWqqWqAxb0zCA==

proxy-from-env@^1.1.0:
  version "1.1.0"
  resolved "https://registry.yarnpkg.com/proxy-from-env/-/proxy-from-env-1.1.0.tgz#e102f16ca355424865755d2c9e8ea4f24d58c3e2"
  integrity sha512-D+zkORCbA9f1tdWRK0RaCR3GPv50cMxcrz4X8k5LTSUD1Dkw47mKJEZQNunItRTkWwgtaUSo1RVFRIG9ZXiFYg==

react-map-gl@^7.1.3:
  version "7.1.3"
  resolved "https://registry.yarnpkg.com/react-map-gl/-/react-map-gl-7.1.3.tgz#f31f55c07e535ed042539a91f6d30125decc1dd8"
  integrity sha512-uMiwk3x/XxYqSxWWBPgqitvLh8y+O9AabEIBeg3tLjoCVBEyFiZko7tAcRqA7WLT079KX/lyDL1N2zALqJb/MQ==
  dependencies:
    "@maplibre/maplibre-gl-style-spec" "^19.2.1"
    "@types/mapbox-gl" ">=1.0.0"

react-mapbox-geocoder@^1.2.0:
  version "1.2.0"
  resolved "https://registry.yarnpkg.com/react-mapbox-geocoder/-/react-mapbox-geocoder-1.2.0.tgz#8b02126b31ff78dedc51b4833606e268660d061a"
  integrity sha512-PoFNQlcU1eCENJb1LAbjEPNKJ8/hNipEiwdtLCBsKVPmKve4AhnR5375XVnGY2x74LLxfUt/qnoWTHzP7VTbiw==
  dependencies:
    babel-polyfill "^6.26.0"
    styled-icons "^2.3.1"

react-router@^6.14.2:
  version "6.14.2"
  resolved "https://registry.yarnpkg.com/react-router/-/react-router-6.14.2.tgz#1f60994d8c369de7b8ba7a78d8f7ec23df76b300"
  integrity sha512-09Zss2dE2z+T1D03IheqAFtK4UzQyX8nFPWx6jkwdYzGLXd5ie06A6ezS2fO6zJfEb/SpG6UocN2O1hfD+2urQ==
  dependencies:
    "@remix-run/router" "1.7.2"

regenerator-runtime@^0.10.5:
  version "0.10.5"
  resolved "https://registry.yarnpkg.com/regenerator-runtime/-/regenerator-runtime-0.10.5.tgz#336c3efc1220adcedda2c9fab67b5a7955a33658"
  integrity sha512-02YopEIhAgiBHWeoTiA8aitHDt8z6w+rQqNuIftlM+ZtvSl/brTouaU7DW6GO/cHtvxJvS4Hwv2ibKdxIRi24w==

regenerator-runtime@^0.11.0:
  version "0.11.1"
  resolved "https://registry.yarnpkg.com/regenerator-runtime/-/regenerator-runtime-0.11.1.tgz#be05ad7f9bf7d22e056f9726cee5017fbf19e2e9"
  integrity sha512-MguG95oij0fC3QV3URf4V2SDYGJhJnJGqvIIgdECeODCT98wSWDAJ94SSuVpYQUoTcGUIL6L4yNB7j1DFFHSBg==

rw@^1.3.3:
  version "1.3.3"
  resolved "https://registry.yarnpkg.com/rw/-/rw-1.3.3.tgz#3f862dfa91ab766b14885ef4d01124bfda074fb4"
  integrity sha512-PdhdWy89SiZogBLaw42zdeqtRJ//zFd2PgQavcICDUgJT5oW10QCRKbJ6bg4r0/UY2M6BWd5tkxuGFRvCkgfHQ==

set-value@^2.0.1:
  version "2.0.1"
  resolved "https://registry.yarnpkg.com/set-value/-/set-value-2.0.1.tgz#a18d40530e6f07de4228c7defe4227af8cad005b"
  integrity sha512-JxHc1weCN68wRY0fhCoXpyK55m/XPHafOmK4UWD7m2CI14GMcFypt4w/0+NV5f/ZMby2F6S2wwA7fgynh9gWSw==
  dependencies:
    extend-shallow "^2.0.1"
    is-extendable "^0.1.1"
    is-plain-object "^2.0.3"
    split-string "^3.0.1"

sort-asc@^0.2.0:
  version "0.2.0"
  resolved "https://registry.yarnpkg.com/sort-asc/-/sort-asc-0.2.0.tgz#00a49e947bc25d510bfde2cbb8dffda9f50eb2fc"
  integrity sha512-umMGhjPeHAI6YjABoSTrFp2zaBtXBej1a0yKkuMUyjjqu6FJsTF+JYwCswWDg+zJfk/5npWUUbd33HH/WLzpaA==

sort-desc@^0.2.0:
  version "0.2.0"
  resolved "https://registry.yarnpkg.com/sort-desc/-/sort-desc-0.2.0.tgz#280c1bdafc6577887cedbad1ed2e41c037976646"
  integrity sha512-NqZqyvL4VPW+RAxxXnB8gvE1kyikh8+pR+T+CXLksVRN9eiQqkQlPwqWYU0mF9Jm7UnctShlxLyAt1CaBOTL1w==

sort-object@^3.0.3:
  version "3.0.3"
  resolved "https://registry.yarnpkg.com/sort-object/-/sort-object-3.0.3.tgz#945727165f244af9dc596ad4c7605a8dee80c269"
  integrity sha512-nK7WOY8jik6zaG9CRwZTaD5O7ETWDLZYMM12pqY8htll+7dYeqGfEUPcUBHOpSJg2vJOrvFIY2Dl5cX2ih1hAQ==
  dependencies:
    bytewise "^1.1.0"
    get-value "^2.0.2"
    is-extendable "^0.1.1"
    sort-asc "^0.2.0"
    sort-desc "^0.2.0"
    union-value "^1.0.1"

split-string@^3.0.1:
  version "3.1.0"
  resolved "https://registry.yarnpkg.com/split-string/-/split-string-3.1.0.tgz#7cb09dda3a86585705c64b39a6466038682e8fe2"
  integrity sha512-NzNVhJDYpwceVVii8/Hu6DKfD2G+NrQHlS/V/qgv763EYudVwEcMQNxd2lh+0VrUByXN/oJkl5grOhYWvQUYiw==
  dependencies:
    extend-shallow "^3.0.0"

styled-icons@^2.3.1:
  version "2.4.0"
  resolved "https://registry.yarnpkg.com/styled-icons/-/styled-icons-2.4.0.tgz#8e9e47f92f1508fd1811af4539b35d091a4d9aca"
  integrity sha512-/nKGoY8nGjTmmNEvERN7GIIKPBJIZf9SmiGC6Ahvr3WmavfCQvlMKjANNZtoXHnPQXT0Vomgcxw3bC+KmPQWCg==

typewise-core@^1.2, typewise-core@^1.2.0:
  version "1.2.0"
  resolved "https://registry.yarnpkg.com/typewise-core/-/typewise-core-1.2.0.tgz#97eb91805c7f55d2f941748fa50d315d991ef195"
  integrity sha512-2SCC/WLzj2SbUwzFOzqMCkz5amXLlxtJqDKTICqg30x+2DZxcfZN2MvQZmGfXWKNWaKK9pBPsvkcwv8bF/gxKg==

typewise@^1.0.3:
  version "1.0.3"
  resolved "https://registry.yarnpkg.com/typewise/-/typewise-1.0.3.tgz#1067936540af97937cc5dcf9922486e9fa284651"
  integrity sha512-aXofE06xGhaQSPzt8hlTY+/YWQhm9P0jYUp1f2XtmW/3Bk0qzXcyFWAtPoo2uTGQj1ZwbDuSyuxicq+aDo8lCQ==
  dependencies:
    typewise-core "^1.2.0"

union-value@^1.0.1:
  version "1.0.1"
  resolved "https://registry.yarnpkg.com/union-value/-/union-value-1.0.1.tgz#0b6fe7b835aecda61c6ea4d4f02c14221e109847"
  integrity sha512-tJfXmxMeWYnczCVs7XAEvIV7ieppALdyepWMkHkwciRpZraG/xwT+s2JN8+pr1+8jCRf80FFzvr+MpQeeoF4Xg==
  dependencies:
    arr-union "^3.1.0"
    get-value "^2.0.6"
    is-extendable "^0.1.1"
    set-value "^2.0.1"
